<?xml version="1.0" encoding="utf-8"?>
<Project ToolsVersion="4.0" xmlns="http://schemas.microsoft.com/developer/msbuild/2003">
  <ItemGroup>
    <ClCompile Include="main.cc">
      <Filter>C++ Source Files</Filter>
    </ClCompile>
    <ClCompile Include="tools.cc">
      <Filter>C++ Source Files</Filter>
    </ClCompile>
    <ClCompile Include="crepe.cc">
      <Filter>C++ Source Files</Filter>
    </ClCompile>
    <ClCompile Include="filters.cc">
      <Filter>C++ Source Files\Image Processing</Filter>
    </ClCompile>
    <ClCompile Include="mycannyfilter.cc">
      <Filter>C++ Source Files\Image Processing</Filter>
    </ClCompile>
    <ClCompile Include="chessman.cc">
      <Filter>C++ Source Files\Database</Filter>
    </ClCompile>
    <ClCompile Include="database_handler.cc">
      <Filter>C++ Source Files\Database</Filter>
    </ClCompile>
    <ClCompile Include="filter_handler.cc">
      <Filter>C++ Source Files\Image Processing</Filter>
    </ClCompile>
    <ClCompile Include="fourier_descriptor.cc">
      <Filter>C++ Source Files\Image Processing</Filter>
    </ClCompile>
    <ClCompile Include="edgelinking.cuh">
      <Filter>CUDA Header Files</Filter>
    </ClCompile>
    <ClCompile Include="setup_window.cc">
      <Filter>C++ Source Files</Filter>
    </ClCompile>
    <ClCompile Include="GeneratedFiles\Debug\moc_setup_window.cc">
      <Filter>Generated Files\Debug</Filter>
    </ClCompile>
    <ClCompile Include="GeneratedFiles\Release\moc_setup_window.cc">
      <Filter>Generated Files\Release</Filter>
    </ClCompile>
  </ItemGroup>
  <ItemGroup>
    <Filter Include="C++ Header Files">
      <UniqueIdentifier>{5c647c48-a554-4ac8-a939-8ad65dd593f9}</UniqueIdentifier>
    </Filter>
    <Filter Include="C++ Source Files">
      <UniqueIdentifier>{7327b76a-7fc8-4583-afa5-6527decc4ddd}</UniqueIdentifier>
    </Filter>
    <Filter Include="CUDA Header Files">
      <UniqueIdentifier>{c543d712-02c4-4aa4-9fe9-24d69bf4dab2}</UniqueIdentifier>
    </Filter>
    <Filter Include="CUDA Source Files">
      <UniqueIdentifier>{93ba9ac8-5859-452f-a929-ef938de0e9ba}</UniqueIdentifier>
    </Filter>
    <Filter Include="C++ Header Files\Database">
      <UniqueIdentifier>{dc4d831d-cec2-4336-9d31-74be9795ca70}</UniqueIdentifier>
    </Filter>
    <Filter Include="C++ Source Files\Database">
      <UniqueIdentifier>{a2cd2f4a-812d-46d5-8494-93cd03eab50e}</UniqueIdentifier>
    </Filter>
    <Filter Include="C++ Header Files\Image Processing">
      <UniqueIdentifier>{417d2a98-10ce-4dc6-9061-74f32d8585ca}</UniqueIdentifier>
    </Filter>
    <Filter Include="C++ Source Files\Image Processing">
      <UniqueIdentifier>{df5c32fb-6610-4e42-ac6f-0429f5c5a04d}</UniqueIdentifier>
    </Filter>
    <Filter Include="Forms">
      <UniqueIdentifier>{83faa2a5-15ec-44ff-91ae-033f6f8b50a5}</UniqueIdentifier>
    </Filter>
    <Filter Include="Generated Files">
      <UniqueIdentifier>{a6fa431a-02b0-4ff2-b8cd-a522659ec372}</UniqueIdentifier>
    </Filter>
    <Filter Include="Generated Files\Debug">
      <UniqueIdentifier>{b49c6765-9279-4422-a1f8-1888ca91c586}</UniqueIdentifier>
    </Filter>
    <Filter Include="Generated Files\Release">
      <UniqueIdentifier>{174862be-6ad4-4be6-9316-80f83cfe8ecc}</UniqueIdentifier>
    </Filter>
  </ItemGroup>
  <ItemGroup>
    <ClInclude Include="tools.hh">
      <Filter>C++ Header Files</Filter>
    </ClInclude>
    <ClInclude Include="crepe.hh">
      <Filter>C++ Header Files</Filter>
    </ClInclude>
    <ClInclude Include="filters.cuh">
      <Filter>CUDA Header Files</Filter>
    </ClInclude>
    <ClInclude Include="filters.hh">
      <Filter>C++ Header Files\Image Processing</Filter>
    </ClInclude>
    <ClInclude Include="mycannyfilter.hh">
      <Filter>C++ Header Files\Image Processing</Filter>
    </ClInclude>
    <ClInclude Include="mycannyfilter.cuh">
      <Filter>CUDA Header Files</Filter>
    </ClInclude>
    <ClInclude Include="fourier_descriptor.cuh">
      <Filter>CUDA Header Files</Filter>
    </ClInclude>
    <ClInclude Include="chessman.hh">
      <Filter>C++ Header Files\Database</Filter>
    </ClInclude>
    <ClInclude Include="database_handler.hh">
      <Filter>C++ Header Files\Database</Filter>
    </ClInclude>
    <ClInclude Include="filter_handler.hh">
      <Filter>C++ Header Files\Image Processing</Filter>
    </ClInclude>
    <ClInclude Include="fourier_descriptor.hh">
      <Filter>C++ Header Files\Image Processing</Filter>
    </ClInclude>
    <ClInclude Include="GeneratedFiles\ui_setup_window.h">
      <Filter>C++ Header Files</Filter>
    </ClInclude>
    <ClInclude Include="edgethinning.cuh">
      <Filter>CUDA Header Files</Filter>
    </ClInclude>
    <ClInclude Include="zhangsuenthinning.cuh">
      <Filter>CUDA Header Files</Filter>
    </ClInclude>
  </ItemGroup>
  <ItemGroup>
    <CudaCompile Include="filters.cu">
      <Filter>CUDA Source Files</Filter>
    </CudaCompile>
    <CudaCompile Include="mycannyfilter.cu">
      <Filter>CUDA Source Files</Filter>
    </CudaCompile>
    <CudaCompile Include="fourier_descriptor.cu">
      <Filter>CUDA Source Files</Filter>
    </CudaCompile>
    <CudaCompile Include="edgelinking.cu">
      <Filter>CUDA Source Files</Filter>
    </CudaCompile>
    <CudaCompile Include="edgethinning.cu">
      <Filter>CUDA Source Files</Filter>
    </CudaCompile>
    <CudaCompile Include="zhangsuenthinning.cu">
      <Filter>CUDA Source Files</Filter>
    </CudaCompile>
  </ItemGroup>
  <ItemGroup>
    <CustomBuild Include="setup_window.hh">
      <Filter>C++ Header Files</Filter>
    </CustomBuild>
    <CustomBuild Include="setup_window.ui">
      <Filter>Forms</Filter>
    </CustomBuild>
  </ItemGroup>
</Project>