<?xml version="1.0" encoding="utf-8"?>
<Project ToolsVersion="4.0" xmlns="http://schemas.microsoft.com/developer/msbuild/2003">
  <ItemGroup>
    <ClCompile Include="main.cc">
      <Filter>C++ Source Files</Filter>
    </ClCompile>
    <ClCompile Include="tools.cc">
      <Filter>C++ Source Files</Filter>
    </ClCompile>
    <ClCompile Include="crepe.cc">
      <Filter>C++ Source Files</Filter>
    </ClCompile>
    <ClCompile Include="filters.cc">
      <Filter>C++ Source Files\Filters</Filter>
    </ClCompile>
    <ClCompile Include="mycannyfilter.cc">
      <Filter>C++ Source Files\Filters</Filter>
    </ClCompile>
  </ItemGroup>
  <ItemGroup>
    <Filter Include="C++ Header Files">
      <UniqueIdentifier>{5c647c48-a554-4ac8-a939-8ad65dd593f9}</UniqueIdentifier>
    </Filter>
    <Filter Include="C++ Source Files">
      <UniqueIdentifier>{7327b76a-7fc8-4583-afa5-6527decc4ddd}</UniqueIdentifier>
    </Filter>
    <Filter Include="CUDA Header Files">
      <UniqueIdentifier>{c543d712-02c4-4aa4-9fe9-24d69bf4dab2}</UniqueIdentifier>
    </Filter>
    <Filter Include="CUDA Source Files">
      <UniqueIdentifier>{93ba9ac8-5859-452f-a929-ef938de0e9ba}</UniqueIdentifier>
    </Filter>
    <Filter Include="C++ Source Files\Filters">
      <UniqueIdentifier>{df5c32fb-6610-4e42-ac6f-0429f5c5a04d}</UniqueIdentifier>
    </Filter>
    <Filter Include="C++ Header Files\Filters">
      <UniqueIdentifier>{417d2a98-10ce-4dc6-9061-74f32d8585ca}</UniqueIdentifier>
    </Filter>
  </ItemGroup>
  <ItemGroup>
    <ClInclude Include="tools.hh">
      <Filter>C++ Header Files</Filter>
    </ClInclude>
    <ClInclude Include="crepe.hh">
      <Filter>C++ Header Files</Filter>
    </ClInclude>
    <ClInclude Include="filters.cuh">
      <Filter>CUDA Header Files</Filter>
    </ClInclude>
    <ClInclude Include="filters.hh">
      <Filter>C++ Header Files\Filters</Filter>
    </ClInclude>
    <ClInclude Include="mycannyfilter.hh">
      <Filter>C++ Header Files\Filters</Filter>
    </ClInclude>
    <ClInclude Include="mycannyfilter.cuh">
      <Filter>CUDA Header Files</Filter>
    </ClInclude>
  </ItemGroup>
  <ItemGroup>
    <CudaCompile Include="filters.cu">
      <Filter>CUDA Source Files</Filter>
    </CudaCompile>
    <CudaCompile Include="mycannyfilter.cu">
      <Filter>CUDA Source Files</Filter>
    </CudaCompile>
  </ItemGroup>
</Project>